
Microsoft Visual Studio Solution File, Format Version 12.00
# Visual Studio Version 17
VisualStudioVersion = 17.0.31903.59
MinimumVisualStudioVersion = 10.0.40219.1
Project("{FAE04EC0-301F-11D3-BF4B-00C04F79EFBC}") = "API", "API\API.csproj", "{A64694AE-6E26-4899-A41C-E3DB8D02B84B}"
EndProject
Project("{FAE04EC0-301F-11D3-BF4B-00C04F79EFBC}") = "Application", "Application\Application.csproj", "{1997518A-952D-48BD-8B4E-C9FF5833117D}"
EndProject
Project("{FAE04EC0-301F-11D3-BF4B-00C04F79EFBC}") = "Domain", "Domain\Domain.csproj", "{3F31E621-7643-4FFC-B26D-8502708B60D5}"
EndProject
Project("{FAE04EC0-301F-11D3-BF4B-00C04F79EFBC}") = "Persistence", "Persistence\Persistence.csproj", "{6955537E-4F78-493C-904C-E62F82E481AA}"
EndProject
Global
	GlobalSection(SolutionConfigurationPlatforms) = preSolution
		Debug|Any CPU = Debug|Any CPU
		Release|Any CPU = Release|Any CPU
	EndGlobalSection
	GlobalSection(SolutionProperties) = preSolution
		HideSolutionNode = FALSE
	EndGlobalSection
	GlobalSection(ProjectConfigurationPlatforms) = postSolution
		{A64694AE-6E26-4899-A41C-E3DB8D02B84B}.Debug|Any CPU.ActiveCfg = Debug|Any CPU
		{A64694AE-6E26-4899-A41C-E3DB8D02B84B}.Debug|Any CPU.Build.0 = Debug|Any CPU
		{A64694AE-6E26-4899-A41C-E3DB8D02B84B}.Release|Any CPU.ActiveCfg = Release|Any CPU
		{A64694AE-6E26-4899-A41C-E3DB8D02B84B}.Release|Any CPU.Build.0 = Release|Any CPU
		{1997518A-952D-48BD-8B4E-C9FF5833117D}.Debug|Any CPU.ActiveCfg = Debug|Any CPU
		{1997518A-952D-48BD-8B4E-C9FF5833117D}.Debug|Any CPU.Build.0 = Debug|Any CPU
		{1997518A-952D-48BD-8B4E-C9FF5833117D}.Release|Any CPU.ActiveCfg = Release|Any CPU
		{1997518A-952D-48BD-8B4E-C9FF5833117D}.Release|Any CPU.Build.0 = Release|Any CPU
		{3F31E621-7643-4FFC-B26D-8502708B60D5}.Debug|Any CPU.ActiveCfg = Debug|Any CPU
		{3F31E621-7643-4FFC-B26D-8502708B60D5}.Debug|Any CPU.Build.0 = Debug|Any CPU
		{3F31E621-7643-4FFC-B26D-8502708B60D5}.Release|Any CPU.ActiveCfg = Release|Any CPU
		{3F31E621-7643-4FFC-B26D-8502708B60D5}.Release|Any CPU.Build.0 = Release|Any CPU
		{6955537E-4F78-493C-904C-E62F82E481AA}.Debug|Any CPU.ActiveCfg = Debug|Any CPU
		{6955537E-4F78-493C-904C-E62F82E481AA}.Debug|Any CPU.Build.0 = Debug|Any CPU
		{6955537E-4F78-493C-904C-E62F82E481AA}.Release|Any CPU.ActiveCfg = Release|Any CPU
		{6955537E-4F78-493C-904C-E62F82E481AA}.Release|Any CPU.Build.0 = Release|Any CPU
	EndGlobalSection
EndGlobal
